PODS:
  - Capacitor (7.2.0):
    - CapacitorCordova
  - CapacitorCordova (7.2.0)
  - CapacitorGeolocation (7.1.2):
    - Capacitor
    - IONGeolocationLib (~> 1.0)
  - CapacitorLocalNotifications (7.0.1):
    - Capacitor
  - IONGeolocationLib (1.0.0)

DEPENDENCIES:
  - "Capacitor (from `../../node_modules/@capacitor/ios`)"
  - "CapacitorCordova (from `../../node_modules/@capacitor/ios`)"
  - "CapacitorGeolocation (from `../../node_modules/@capacitor/geolocation`)"
  - "CapacitorLocalNotifications (from `../../node_modules/@capacitor/local-notifications`)"

SPEC REPOS:
  trunk:
    - IONGeolocationLib

EXTERNAL SOURCES:
  Capacitor:
    :path: "../../node_modules/@capacitor/ios"
  CapacitorCordova:
    :path: "../../node_modules/@capacitor/ios"
  CapacitorGeolocation:
    :path: "../../node_modules/@capacitor/geolocation"
  CapacitorLocalNotifications:
    :path: "../../node_modules/@capacitor/local-notifications"

SPEC CHECKSUMS:
  Capacitor: 106e7a4205f4618d582b886a975657c61179138d
  CapacitorCordova: 5967b9ba03915ef1d585469d6e31f31dc49be96f
  CapacitorGeolocation: 8c86a3afea574c84447c17905da96f2356ad913e
  CapacitorLocalNotifications: 4ea60b9347eac60b37cb4daaf62d12060bb00972
  IONGeolocationLib: 81f33f88d025846946de2cf63b0c7628e7c6bc9d

PODFILE CHECKSUM: 19c0ed6828e4da5056b79a1622fcef758634a727

COCOAPODS: 1.15.2
